
Microsoft Visual Studio Solution File, Format Version 12.00
# Visual Studio Version 17
VisualStudioVersion = 17.1.32210.238
MinimumVisualStudioVersion = 10.0.40219.1
Project("{FAE04EC0-301F-11D3-BF4B-00C04F79EFBC}") = "Patika_C101_If-Switch", "Patika_C101_If-Switch.csproj", "{B17DCEC5-1A27-47BB-BCDA-C5C8EE3BEC14}"
EndProject
Global
	GlobalSection(SolutionConfigurationPlatforms) = preSolution
		Debug|Any CPU = Debug|Any CPU
		Release|Any CPU = Release|Any CPU
	EndGlobalSection
	GlobalSection(ProjectConfigurationPlatforms) = postSolution
		{B17DCEC5-1A27-47BB-BCDA-C5C8EE3BEC14}.Debug|Any CPU.ActiveCfg = Debug|Any CPU
		{B17DCEC5-1A27-47BB-BCDA-C5C8EE3BEC14}.Debug|Any CPU.Build.0 = Debug|Any CPU
		{B17DCEC5-1A27-47BB-BCDA-C5C8EE3BEC14}.Release|Any CPU.ActiveCfg = Release|Any CPU
		{B17DCEC5-1A27-47BB-BCDA-C5C8EE3BEC14}.Release|Any CPU.Build.0 = Release|Any CPU
	EndGlobalSection
	GlobalSection(SolutionProperties) = preSolution
		HideSolutionNode = FALSE
	EndGlobalSection
	GlobalSection(ExtensibilityGlobals) = postSolution
		SolutionGuid = {60842F87-4C7B-4BC0-BC17-3907C53D057A}
	EndGlobalSection
EndGlobal
