
Microsoft Visual Studio Solution File, Format Version 12.00
# Visual Studio Version 17
VisualStudioVersion = 17.1.32210.238
MinimumVisualStudioVersion = 10.0.40219.1
Project("{FAE04EC0-301F-11D3-BF4B-00C04F79EFBC}") = "Patika_C101_ToDo", "Patika_C101_ToDo.csproj", "{59B8327E-7F0D-458C-B5F7-C6BC6E446E98}"
EndProject
Global
	GlobalSection(SolutionConfigurationPlatforms) = preSolution
		Debug|Any CPU = Debug|Any CPU
		Release|Any CPU = Release|Any CPU
	EndGlobalSection
	GlobalSection(ProjectConfigurationPlatforms) = postSolution
		{59B8327E-7F0D-458C-B5F7-C6BC6E446E98}.Debug|Any CPU.ActiveCfg = Debug|Any CPU
		{59B8327E-7F0D-458C-B5F7-C6BC6E446E98}.Debug|Any CPU.Build.0 = Debug|Any CPU
		{59B8327E-7F0D-458C-B5F7-C6BC6E446E98}.Release|Any CPU.ActiveCfg = Release|Any CPU
		{59B8327E-7F0D-458C-B5F7-C6BC6E446E98}.Release|Any CPU.Build.0 = Release|Any CPU
	EndGlobalSection
	GlobalSection(SolutionProperties) = preSolution
		HideSolutionNode = FALSE
	EndGlobalSection
	GlobalSection(ExtensibilityGlobals) = postSolution
		SolutionGuid = {6F0A84BF-4E47-4E4D-A45E-5C797B0AF27F}
	EndGlobalSection
EndGlobal
