
Microsoft Visual Studio Solution File, Format Version 12.00
# Visual Studio Version 17
VisualStudioVersion = 17.1.32210.238
MinimumVisualStudioVersion = 10.0.40219.1
Project("{FAE04EC0-301F-11D3-BF4B-00C04F79EFBC}") = "Patika_C101_KoleksiyonOdevleri", "Patika_C101_KoleksiyonOdevleri.csproj", "{A8AB04D2-77FC-4EC8-97C2-09B300DFDF02}"
EndProject
Global
	GlobalSection(SolutionConfigurationPlatforms) = preSolution
		Debug|Any CPU = Debug|Any CPU
		Release|Any CPU = Release|Any CPU
	EndGlobalSection
	GlobalSection(ProjectConfigurationPlatforms) = postSolution
		{A8AB04D2-77FC-4EC8-97C2-09B300DFDF02}.Debug|Any CPU.ActiveCfg = Debug|Any CPU
		{A8AB04D2-77FC-4EC8-97C2-09B300DFDF02}.Debug|Any CPU.Build.0 = Debug|Any CPU
		{A8AB04D2-77FC-4EC8-97C2-09B300DFDF02}.Release|Any CPU.ActiveCfg = Release|Any CPU
		{A8AB04D2-77FC-4EC8-97C2-09B300DFDF02}.Release|Any CPU.Build.0 = Release|Any CPU
	EndGlobalSection
	GlobalSection(SolutionProperties) = preSolution
		HideSolutionNode = FALSE
	EndGlobalSection
	GlobalSection(ExtensibilityGlobals) = postSolution
		SolutionGuid = {990993BD-BD68-4BDC-8436-C159053AFFF3}
	EndGlobalSection
EndGlobal
