
Microsoft Visual Studio Solution File, Format Version 12.00
# Visual Studio Version 17
VisualStudioVersion = 17.1.32210.238
MinimumVisualStudioVersion = 10.0.40219.1
Project("{FAE04EC0-301F-11D3-BF4B-00C04F79EFBC}") = "Patika_C101_OOP2", "Patika_C101_OOP2.csproj", "{60328300-D1BF-49E4-A346-F49040982005}"
EndProject
Global
	GlobalSection(SolutionConfigurationPlatforms) = preSolution
		Debug|Any CPU = Debug|Any CPU
		Release|Any CPU = Release|Any CPU
	EndGlobalSection
	GlobalSection(ProjectConfigurationPlatforms) = postSolution
		{60328300-D1BF-49E4-A346-F49040982005}.Debug|Any CPU.ActiveCfg = Debug|Any CPU
		{60328300-D1BF-49E4-A346-F49040982005}.Debug|Any CPU.Build.0 = Debug|Any CPU
		{60328300-D1BF-49E4-A346-F49040982005}.Release|Any CPU.ActiveCfg = Release|Any CPU
		{60328300-D1BF-49E4-A346-F49040982005}.Release|Any CPU.Build.0 = Release|Any CPU
	EndGlobalSection
	GlobalSection(SolutionProperties) = preSolution
		HideSolutionNode = FALSE
	EndGlobalSection
	GlobalSection(ExtensibilityGlobals) = postSolution
		SolutionGuid = {F110B84A-B853-4D36-9D1D-66DA3B0C3E7C}
	EndGlobalSection
EndGlobal
